
Microsoft Visual Studio Solution File, Format Version 12.00
# Visual Studio Version 17
VisualStudioVersion = 17.2.32616.157
MinimumVisualStudioVersion = 10.0.40219.1
Project("{FAE04EC0-301F-11D3-BF4B-00C04F79EFBC}") = "SudokuWeb", "SudokuWeb\SudokuWeb.csproj", "{32A5C318-C829-412C-B55D-BECBD46180FB}"
EndProject
Global
	GlobalSection(SolutionConfigurationPlatforms) = preSolution
		Debug|Any CPU = Debug|Any CPU
		Release|Any CPU = Release|Any CPU
	EndGlobalSection
	GlobalSection(ProjectConfigurationPlatforms) = postSolution
		{32A5C318-C829-412C-B55D-BECBD46180FB}.Debug|Any CPU.ActiveCfg = Debug|Any CPU
		{32A5C318-C829-412C-B55D-BECBD46180FB}.Debug|Any CPU.Build.0 = Debug|Any CPU
		{32A5C318-C829-412C-B55D-BECBD46180FB}.Release|Any CPU.ActiveCfg = Release|Any CPU
		{32A5C318-C829-412C-B55D-BECBD46180FB}.Release|Any CPU.Build.0 = Release|Any CPU
	EndGlobalSection
	GlobalSection(SolutionProperties) = preSolution
		HideSolutionNode = FALSE
	EndGlobalSection
	GlobalSection(ExtensibilityGlobals) = postSolution
		SolutionGuid = {2285D485-B2F7-46CB-BF36-04A91772C917}
	EndGlobalSection
EndGlobal
